
Microsoft Visual Studio Solution File, Format Version 12.00
# Visual Studio 15
Project("{FAE04EC0-301F-11D3-BF4B-00C04F79EFBC}") = "UnityEngine.TestRunner", "UnityEngine.TestRunner.csproj", "{42D7EA40-FA68-DC29-6C38-1E769C78FC29}"
EndProject
Project("{FAE04EC0-301F-11D3-BF4B-00C04F79EFBC}") = "Unity.2D.Animation.Triangle.Runtime", "Unity.2D.Animation.Triangle.Runtime.csproj", "{97F01086-D854-25BD-82E9-65120040B1F0}"
EndProject
Project("{FAE04EC0-301F-11D3-BF4B-00C04F79EFBC}") = "UnityEngine.UI", "UnityEngine.UI.csproj", "{F0800883-A04C-09D2-9CD0-8D6431BBCC33}"
EndProject
Project("{FAE04EC0-301F-11D3-BF4B-00C04F79EFBC}") = "Unity.TextMeshPro", "Unity.TextMeshPro.csproj", "{BDFBE0DC-600F-9FF6-9388-BE4E11C28C85}"
EndProject
Project("{FAE04EC0-301F-11D3-BF4B-00C04F79EFBC}") = "Unity.2D.Animation.Runtime", "Unity.2D.Animation.Runtime.csproj", "{29D08571-F94A-B839-4DF3-C3BCA517FA17}"
EndProject
Project("{FAE04EC0-301F-11D3-BF4B-00C04F79EFBC}") = "Unity.Timeline", "Unity.Timeline.csproj", "{10A7A8DF-E4F2-B5A0-B8C0-FAF3B6F8F5BE}"
EndProject
Project("{FAE04EC0-301F-11D3-BF4B-00C04F79EFBC}") = "Unity.Mathematics", "Unity.Mathematics.csproj", "{0D022E4D-EC25-2C86-D68B-ECC8E07F1993}"
EndProject
Project("{FAE04EC0-301F-11D3-BF4B-00C04F79EFBC}") = "Unity.2D.SpriteShape.Runtime", "Unity.2D.SpriteShape.Runtime.csproj", "{132FEE70-724F-356B-6896-E4F3333EAC30}"
EndProject
Project("{FAE04EC0-301F-11D3-BF4B-00C04F79EFBC}") = "Assembly-CSharp", "Assembly-CSharp.csproj", "{E8AAD3DD-E0F4-2518-5277-BB7B169AC59F}"
EndProject
Project("{FAE04EC0-301F-11D3-BF4B-00C04F79EFBC}") = "Unity.2D.PixelPerfect", "Unity.2D.PixelPerfect.csproj", "{6750D880-DC54-8021-22B2-56CD3357BE46}"
EndProject
Project("{FAE04EC0-301F-11D3-BF4B-00C04F79EFBC}") = "Unity.InternalAPIEngineBridge.001", "Unity.InternalAPIEngineBridge.001.csproj", "{A8DBAB05-E952-A8CB-AA3C-D847F0058A2B}"
EndProject
Project("{FAE04EC0-301F-11D3-BF4B-00C04F79EFBC}") = "Unity.2D.Common.Runtime", "Unity.2D.Common.Runtime.csproj", "{FD247476-B62E-5350-51D2-FAC456072BD3}"
EndProject
Project("{FAE04EC0-301F-11D3-BF4B-00C04F79EFBC}") = "Unity.TextMeshPro.Editor", "Unity.TextMeshPro.Editor.csproj", "{B86BF390-DFF3-7B35-CFFF-E9B2252F2E13}"
EndProject
Project("{FAE04EC0-301F-11D3-BF4B-00C04F79EFBC}") = "Unity.Timeline.Editor", "Unity.Timeline.Editor.csproj", "{90C06ED8-5275-18C0-744F-22763CFEA725}"
EndProject
Project("{FAE04EC0-301F-11D3-BF4B-00C04F79EFBC}") = "Unity.CollabProxy.Editor", "Unity.CollabProxy.Editor.csproj", "{1038748D-888A-C5D9-56D1-406C4728C5AB}"
EndProject
Project("{FAE04EC0-301F-11D3-BF4B-00C04F79EFBC}") = "UnityEditor.TestRunner", "UnityEditor.TestRunner.csproj", "{E7D5B220-EC20-9385-9186-D7B50EC999F2}"
EndProject
Project("{FAE04EC0-301F-11D3-BF4B-00C04F79EFBC}") = "Unity.2D.Animation.Editor", "Unity.2D.Animation.Editor.csproj", "{9AD7BA71-267B-EE7B-CC32-8E88E5BE43AE}"
EndProject
Project("{FAE04EC0-301F-11D3-BF4B-00C04F79EFBC}") = "Unity.2D.Path.Editor", "Unity.2D.Path.Editor.csproj", "{3F948E2A-298A-8109-83ED-A2A3B2EF1E84}"
EndProject
Project("{FAE04EC0-301F-11D3-BF4B-00C04F79EFBC}") = "Unity.2D.Sprite.Editor", "Unity.2D.Sprite.Editor.csproj", "{5F157589-656A-4598-0541-4D39F3C3D4E1}"
EndProject
Project("{FAE04EC0-301F-11D3-BF4B-00C04F79EFBC}") = "UnityEditor.UI", "UnityEditor.UI.csproj", "{3913D433-CA4D-BE35-6FA3-A77100013A9D}"
EndProject
Project("{FAE04EC0-301F-11D3-BF4B-00C04F79EFBC}") = "Unity.Rider.Editor", "Unity.Rider.Editor.csproj", "{DC83DB58-DBCB-E4CB-D2D9-E757058B0895}"
EndProject
Project("{FAE04EC0-301F-11D3-BF4B-00C04F79EFBC}") = "Unity.2D.Tilemap.Editor", "Unity.2D.Tilemap.Editor.csproj", "{411A8100-1A13-4079-5F32-530C973F49E6}"
EndProject
Project("{FAE04EC0-301F-11D3-BF4B-00C04F79EFBC}") = "Unity.VisualStudio.Editor", "Unity.VisualStudio.Editor.csproj", "{49346D63-24D6-EEBE-35AF-D609BA7ED7EA}"
EndProject
Project("{FAE04EC0-301F-11D3-BF4B-00C04F79EFBC}") = "Unity.2D.SpriteShape.Editor", "Unity.2D.SpriteShape.Editor.csproj", "{1BF5868E-D27A-1950-53B9-1DA095901FFB}"
EndProject
Project("{FAE04EC0-301F-11D3-BF4B-00C04F79EFBC}") = "PsdPlugin", "PsdPlugin.csproj", "{D1BCD596-D0CF-E746-4A35-66AA67A499FC}"
EndProject
Project("{FAE04EC0-301F-11D3-BF4B-00C04F79EFBC}") = "Unity.2D.Common.Editor", "Unity.2D.Common.Editor.csproj", "{0C685758-C1A5-D188-E409-0EDD9971D41F}"
EndProject
Project("{FAE04EC0-301F-11D3-BF4B-00C04F79EFBC}") = "Unity.VSCode.Editor", "Unity.VSCode.Editor.csproj", "{7AB6DE09-42EF-0C1B-492E-E2B9C7FD2E3F}"
EndProject
Project("{FAE04EC0-301F-11D3-BF4B-00C04F79EFBC}") = "Unity.2D.Psdimporter.Editor", "Unity.2D.Psdimporter.Editor.csproj", "{2D4342FF-D148-7C27-2F1D-614B555BE449}"
EndProject
Project("{FAE04EC0-301F-11D3-BF4B-00C04F79EFBC}") = "Unity.2D.PixelPerfect.Editor", "Unity.2D.PixelPerfect.Editor.csproj", "{23ECA599-E71B-EE56-ED5A-635CC363556D}"
EndProject
Project("{FAE04EC0-301F-11D3-BF4B-00C04F79EFBC}") = "Unity.Mathematics.Editor", "Unity.Mathematics.Editor.csproj", "{8B0D88F6-BB2E-2706-8A53-0A2A8232B7FA}"
EndProject
Project("{FAE04EC0-301F-11D3-BF4B-00C04F79EFBC}") = "Unity.InternalAPIEditorBridge.001", "Unity.InternalAPIEditorBridge.001.csproj", "{87A08EFD-2AD7-3B6D-44EA-2DC7CE14B1C0}"
EndProject
Project("{FAE04EC0-301F-11D3-BF4B-00C04F79EFBC}") = "UnityEngine.TestRunner", "UnityEngine.TestRunner.Player.csproj", "{F93C64D3-4727-6D4A-8140-1BFCBD7344BD}"
EndProject
Project("{FAE04EC0-301F-11D3-BF4B-00C04F79EFBC}") = "Unity.2D.Animation.Triangle.Runtime", "Unity.2D.Animation.Triangle.Runtime.Player.csproj", "{12DEFB1D-E4BF-5732-A6C9-B5F45C5615D7}"
EndProject
Project("{FAE04EC0-301F-11D3-BF4B-00C04F79EFBC}") = "UnityEngine.UI", "UnityEngine.UI.Player.csproj", "{C130E249-6C1B-2EEA-C764-FDFA4C0619E7}"
EndProject
Project("{FAE04EC0-301F-11D3-BF4B-00C04F79EFBC}") = "Unity.TextMeshPro", "Unity.TextMeshPro.Player.csproj", "{C2F79C18-A4EC-1233-9C40-9450AE214A5C}"
EndProject
Project("{FAE04EC0-301F-11D3-BF4B-00C04F79EFBC}") = "Unity.2D.Animation.Runtime", "Unity.2D.Animation.Runtime.Player.csproj", "{BC083F06-78E0-D61F-CA4D-30848BB82F3D}"
EndProject
Project("{FAE04EC0-301F-11D3-BF4B-00C04F79EFBC}") = "Unity.Timeline", "Unity.Timeline.Player.csproj", "{3C64331B-F720-8616-8C5F-09256B66C64B}"
EndProject
Project("{FAE04EC0-301F-11D3-BF4B-00C04F79EFBC}") = "Unity.Mathematics", "Unity.Mathematics.Player.csproj", "{ACE0BD82-FE0D-61B9-CD10-D299A85FFF1D}"
EndProject
Project("{FAE04EC0-301F-11D3-BF4B-00C04F79EFBC}") = "Unity.2D.SpriteShape.Runtime", "Unity.2D.SpriteShape.Runtime.Player.csproj", "{1AEAC32C-2909-8BDB-5F0D-2AE199B6211A}"
EndProject
Project("{FAE04EC0-301F-11D3-BF4B-00C04F79EFBC}") = "Assembly-CSharp", "Assembly-CSharp.Player.csproj", "{DA3FFE0B-611E-AC22-328D-92BD198F56A8}"
EndProject
Project("{FAE04EC0-301F-11D3-BF4B-00C04F79EFBC}") = "Unity.2D.PixelPerfect", "Unity.2D.PixelPerfect.Player.csproj", "{5FA40882-0D03-D1F5-AF4F-E0C0CB71ED6C}"
EndProject
Project("{FAE04EC0-301F-11D3-BF4B-00C04F79EFBC}") = "Unity.InternalAPIEngineBridge.001", "Unity.InternalAPIEngineBridge.001.Player.csproj", "{430514B0-9DF0-82F2-3EB0-D3412E5A2C71}"
EndProject
Project("{FAE04EC0-301F-11D3-BF4B-00C04F79EFBC}") = "Unity.2D.Common.Runtime", "Unity.2D.Common.Runtime.Player.csproj", "{54E59827-DA1E-9B2A-CAEE-00735BAC80B3}"
EndProject
Global
	GlobalSection(SolutionConfigurationPlatforms) = preSolution
		Debug|Any CPU = Debug|Any CPU
		Release|Any CPU = Release|Any CPU
	EndGlobalSection
	GlobalSection(ProjectConfigurationPlatforms) = postSolution
		{42D7EA40-FA68-DC29-6C38-1E769C78FC29}.Debug|Any CPU.ActiveCfg = Debug|Any CPU
		{42D7EA40-FA68-DC29-6C38-1E769C78FC29}.Debug|Any CPU.Build.0 = Debug|Any CPU
		{42D7EA40-FA68-DC29-6C38-1E769C78FC29}.Release|Any CPU.ActiveCfg = Release|Any CPU
		{42D7EA40-FA68-DC29-6C38-1E769C78FC29}.Release|Any CPU.Build.0 = Release|Any CPU
		{97F01086-D854-25BD-82E9-65120040B1F0}.Debug|Any CPU.ActiveCfg = Debug|Any CPU
		{97F01086-D854-25BD-82E9-65120040B1F0}.Debug|Any CPU.Build.0 = Debug|Any CPU
		{97F01086-D854-25BD-82E9-65120040B1F0}.Release|Any CPU.ActiveCfg = Release|Any CPU
		{97F01086-D854-25BD-82E9-65120040B1F0}.Release|Any CPU.Build.0 = Release|Any CPU
		{F0800883-A04C-09D2-9CD0-8D6431BBCC33}.Debug|Any CPU.ActiveCfg = Debug|Any CPU
		{F0800883-A04C-09D2-9CD0-8D6431BBCC33}.Debug|Any CPU.Build.0 = Debug|Any CPU
		{F0800883-A04C-09D2-9CD0-8D6431BBCC33}.Release|Any CPU.ActiveCfg = Release|Any CPU
		{F0800883-A04C-09D2-9CD0-8D6431BBCC33}.Release|Any CPU.Build.0 = Release|Any CPU
		{BDFBE0DC-600F-9FF6-9388-BE4E11C28C85}.Debug|Any CPU.ActiveCfg = Debug|Any CPU
		{BDFBE0DC-600F-9FF6-9388-BE4E11C28C85}.Debug|Any CPU.Build.0 = Debug|Any CPU
		{BDFBE0DC-600F-9FF6-9388-BE4E11C28C85}.Release|Any CPU.ActiveCfg = Release|Any CPU
		{BDFBE0DC-600F-9FF6-9388-BE4E11C28C85}.Release|Any CPU.Build.0 = Release|Any CPU
		{29D08571-F94A-B839-4DF3-C3BCA517FA17}.Debug|Any CPU.ActiveCfg = Debug|Any CPU
		{29D08571-F94A-B839-4DF3-C3BCA517FA17}.Debug|Any CPU.Build.0 = Debug|Any CPU
		{29D08571-F94A-B839-4DF3-C3BCA517FA17}.Release|Any CPU.ActiveCfg = Release|Any CPU
		{29D08571-F94A-B839-4DF3-C3BCA517FA17}.Release|Any CPU.Build.0 = Release|Any CPU
		{10A7A8DF-E4F2-B5A0-B8C0-FAF3B6F8F5BE}.Debug|Any CPU.ActiveCfg = Debug|Any CPU
		{10A7A8DF-E4F2-B5A0-B8C0-FAF3B6F8F5BE}.Debug|Any CPU.Build.0 = Debug|Any CPU
		{10A7A8DF-E4F2-B5A0-B8C0-FAF3B6F8F5BE}.Release|Any CPU.ActiveCfg = Release|Any CPU
		{10A7A8DF-E4F2-B5A0-B8C0-FAF3B6F8F5BE}.Release|Any CPU.Build.0 = Release|Any CPU
		{0D022E4D-EC25-2C86-D68B-ECC8E07F1993}.Debug|Any CPU.ActiveCfg = Debug|Any CPU
		{0D022E4D-EC25-2C86-D68B-ECC8E07F1993}.Debug|Any CPU.Build.0 = Debug|Any CPU
		{0D022E4D-EC25-2C86-D68B-ECC8E07F1993}.Release|Any CPU.ActiveCfg = Release|Any CPU
		{0D022E4D-EC25-2C86-D68B-ECC8E07F1993}.Release|Any CPU.Build.0 = Release|Any CPU
		{132FEE70-724F-356B-6896-E4F3333EAC30}.Debug|Any CPU.ActiveCfg = Debug|Any CPU
		{132FEE70-724F-356B-6896-E4F3333EAC30}.Debug|Any CPU.Build.0 = Debug|Any CPU
		{132FEE70-724F-356B-6896-E4F3333EAC30}.Release|Any CPU.ActiveCfg = Release|Any CPU
		{132FEE70-724F-356B-6896-E4F3333EAC30}.Release|Any CPU.Build.0 = Release|Any CPU
		{E8AAD3DD-E0F4-2518-5277-BB7B169AC59F}.Debug|Any CPU.ActiveCfg = Debug|Any CPU
		{E8AAD3DD-E0F4-2518-5277-BB7B169AC59F}.Debug|Any CPU.Build.0 = Debug|Any CPU
		{E8AAD3DD-E0F4-2518-5277-BB7B169AC59F}.Release|Any CPU.ActiveCfg = Release|Any CPU
		{E8AAD3DD-E0F4-2518-5277-BB7B169AC59F}.Release|Any CPU.Build.0 = Release|Any CPU
		{6750D880-DC54-8021-22B2-56CD3357BE46}.Debug|Any CPU.ActiveCfg = Debug|Any CPU
		{6750D880-DC54-8021-22B2-56CD3357BE46}.Debug|Any CPU.Build.0 = Debug|Any CPU
		{6750D880-DC54-8021-22B2-56CD3357BE46}.Release|Any CPU.ActiveCfg = Release|Any CPU
		{6750D880-DC54-8021-22B2-56CD3357BE46}.Release|Any CPU.Build.0 = Release|Any CPU
		{A8DBAB05-E952-A8CB-AA3C-D847F0058A2B}.Debug|Any CPU.ActiveCfg = Debug|Any CPU
		{A8DBAB05-E952-A8CB-AA3C-D847F0058A2B}.Debug|Any CPU.Build.0 = Debug|Any CPU
		{A8DBAB05-E952-A8CB-AA3C-D847F0058A2B}.Release|Any CPU.ActiveCfg = Release|Any CPU
		{A8DBAB05-E952-A8CB-AA3C-D847F0058A2B}.Release|Any CPU.Build.0 = Release|Any CPU
		{FD247476-B62E-5350-51D2-FAC456072BD3}.Debug|Any CPU.ActiveCfg = Debug|Any CPU
		{FD247476-B62E-5350-51D2-FAC456072BD3}.Debug|Any CPU.Build.0 = Debug|Any CPU
		{FD247476-B62E-5350-51D2-FAC456072BD3}.Release|Any CPU.ActiveCfg = Release|Any CPU
		{FD247476-B62E-5350-51D2-FAC456072BD3}.Release|Any CPU.Build.0 = Release|Any CPU
		{B86BF390-DFF3-7B35-CFFF-E9B2252F2E13}.Debug|Any CPU.ActiveCfg = Debug|Any CPU
		{B86BF390-DFF3-7B35-CFFF-E9B2252F2E13}.Debug|Any CPU.Build.0 = Debug|Any CPU
		{B86BF390-DFF3-7B35-CFFF-E9B2252F2E13}.Release|Any CPU.ActiveCfg = Release|Any CPU
		{B86BF390-DFF3-7B35-CFFF-E9B2252F2E13}.Release|Any CPU.Build.0 = Release|Any CPU
		{90C06ED8-5275-18C0-744F-22763CFEA725}.Debug|Any CPU.ActiveCfg = Debug|Any CPU
		{90C06ED8-5275-18C0-744F-22763CFEA725}.Debug|Any CPU.Build.0 = Debug|Any CPU
		{90C06ED8-5275-18C0-744F-22763CFEA725}.Release|Any CPU.ActiveCfg = Release|Any CPU
		{90C06ED8-5275-18C0-744F-22763CFEA725}.Release|Any CPU.Build.0 = Release|Any CPU
		{1038748D-888A-C5D9-56D1-406C4728C5AB}.Debug|Any CPU.ActiveCfg = Debug|Any CPU
		{1038748D-888A-C5D9-56D1-406C4728C5AB}.Debug|Any CPU.Build.0 = Debug|Any CPU
		{1038748D-888A-C5D9-56D1-406C4728C5AB}.Release|Any CPU.ActiveCfg = Release|Any CPU
		{1038748D-888A-C5D9-56D1-406C4728C5AB}.Release|Any CPU.Build.0 = Release|Any CPU
		{E7D5B220-EC20-9385-9186-D7B50EC999F2}.Debug|Any CPU.ActiveCfg = Debug|Any CPU
		{E7D5B220-EC20-9385-9186-D7B50EC999F2}.Debug|Any CPU.Build.0 = Debug|Any CPU
		{E7D5B220-EC20-9385-9186-D7B50EC999F2}.Release|Any CPU.ActiveCfg = Release|Any CPU
		{E7D5B220-EC20-9385-9186-D7B50EC999F2}.Release|Any CPU.Build.0 = Release|Any CPU
		{9AD7BA71-267B-EE7B-CC32-8E88E5BE43AE}.Debug|Any CPU.ActiveCfg = Debug|Any CPU
		{9AD7BA71-267B-EE7B-CC32-8E88E5BE43AE}.Debug|Any CPU.Build.0 = Debug|Any CPU
		{9AD7BA71-267B-EE7B-CC32-8E88E5BE43AE}.Release|Any CPU.ActiveCfg = Release|Any CPU
		{9AD7BA71-267B-EE7B-CC32-8E88E5BE43AE}.Release|Any CPU.Build.0 = Release|Any CPU
		{3F948E2A-298A-8109-83ED-A2A3B2EF1E84}.Debug|Any CPU.ActiveCfg = Debug|Any CPU
		{3F948E2A-298A-8109-83ED-A2A3B2EF1E84}.Debug|Any CPU.Build.0 = Debug|Any CPU
		{3F948E2A-298A-8109-83ED-A2A3B2EF1E84}.Release|Any CPU.ActiveCfg = Release|Any CPU
		{3F948E2A-298A-8109-83ED-A2A3B2EF1E84}.Release|Any CPU.Build.0 = Release|Any CPU
		{5F157589-656A-4598-0541-4D39F3C3D4E1}.Debug|Any CPU.ActiveCfg = Debug|Any CPU
		{5F157589-656A-4598-0541-4D39F3C3D4E1}.Debug|Any CPU.Build.0 = Debug|Any CPU
		{5F157589-656A-4598-0541-4D39F3C3D4E1}.Release|Any CPU.ActiveCfg = Release|Any CPU
		{5F157589-656A-4598-0541-4D39F3C3D4E1}.Release|Any CPU.Build.0 = Release|Any CPU
		{3913D433-CA4D-BE35-6FA3-A77100013A9D}.Debug|Any CPU.ActiveCfg = Debug|Any CPU
		{3913D433-CA4D-BE35-6FA3-A77100013A9D}.Debug|Any CPU.Build.0 = Debug|Any CPU
		{3913D433-CA4D-BE35-6FA3-A77100013A9D}.Release|Any CPU.ActiveCfg = Release|Any CPU
		{3913D433-CA4D-BE35-6FA3-A77100013A9D}.Release|Any CPU.Build.0 = Release|Any CPU
		{DC83DB58-DBCB-E4CB-D2D9-E757058B0895}.Debug|Any CPU.ActiveCfg = Debug|Any CPU
		{DC83DB58-DBCB-E4CB-D2D9-E757058B0895}.Debug|Any CPU.Build.0 = Debug|Any CPU
		{DC83DB58-DBCB-E4CB-D2D9-E757058B0895}.Release|Any CPU.ActiveCfg = Release|Any CPU
		{DC83DB58-DBCB-E4CB-D2D9-E757058B0895}.Release|Any CPU.Build.0 = Release|Any CPU
		{411A8100-1A13-4079-5F32-530C973F49E6}.Debug|Any CPU.ActiveCfg = Debug|Any CPU
		{411A8100-1A13-4079-5F32-530C973F49E6}.Debug|Any CPU.Build.0 = Debug|Any CPU
		{411A8100-1A13-4079-5F32-530C973F49E6}.Release|Any CPU.ActiveCfg = Release|Any CPU
		{411A8100-1A13-4079-5F32-530C973F49E6}.Release|Any CPU.Build.0 = Release|Any CPU
		{49346D63-24D6-EEBE-35AF-D609BA7ED7EA}.Debug|Any CPU.ActiveCfg = Debug|Any CPU
		{49346D63-24D6-EEBE-35AF-D609BA7ED7EA}.Debug|Any CPU.Build.0 = Debug|Any CPU
		{49346D63-24D6-EEBE-35AF-D609BA7ED7EA}.Release|Any CPU.ActiveCfg = Release|Any CPU
		{49346D63-24D6-EEBE-35AF-D609BA7ED7EA}.Release|Any CPU.Build.0 = Release|Any CPU
		{1BF5868E-D27A-1950-53B9-1DA095901FFB}.Debug|Any CPU.ActiveCfg = Debug|Any CPU
		{1BF5868E-D27A-1950-53B9-1DA095901FFB}.Debug|Any CPU.Build.0 = Debug|Any CPU
		{1BF5868E-D27A-1950-53B9-1DA095901FFB}.Release|Any CPU.ActiveCfg = Release|Any CPU
		{1BF5868E-D27A-1950-53B9-1DA095901FFB}.Release|Any CPU.Build.0 = Release|Any CPU
		{D1BCD596-D0CF-E746-4A35-66AA67A499FC}.Debug|Any CPU.ActiveCfg = Debug|Any CPU
		{D1BCD596-D0CF-E746-4A35-66AA67A499FC}.Debug|Any CPU.Build.0 = Debug|Any CPU
		{D1BCD596-D0CF-E746-4A35-66AA67A499FC}.Release|Any CPU.ActiveCfg = Release|Any CPU
		{D1BCD596-D0CF-E746-4A35-66AA67A499FC}.Release|Any CPU.Build.0 = Release|Any CPU
		{0C685758-C1A5-D188-E409-0EDD9971D41F}.Debug|Any CPU.ActiveCfg = Debug|Any CPU
		{0C685758-C1A5-D188-E409-0EDD9971D41F}.Debug|Any CPU.Build.0 = Debug|Any CPU
		{0C685758-C1A5-D188-E409-0EDD9971D41F}.Release|Any CPU.ActiveCfg = Release|Any CPU
		{0C685758-C1A5-D188-E409-0EDD9971D41F}.Release|Any CPU.Build.0 = Release|Any CPU
		{7AB6DE09-42EF-0C1B-492E-E2B9C7FD2E3F}.Debug|Any CPU.ActiveCfg = Debug|Any CPU
		{7AB6DE09-42EF-0C1B-492E-E2B9C7FD2E3F}.Debug|Any CPU.Build.0 = Debug|Any CPU
		{7AB6DE09-42EF-0C1B-492E-E2B9C7FD2E3F}.Release|Any CPU.ActiveCfg = Release|Any CPU
		{7AB6DE09-42EF-0C1B-492E-E2B9C7FD2E3F}.Release|Any CPU.Build.0 = Release|Any CPU
		{2D4342FF-D148-7C27-2F1D-614B555BE449}.Debug|Any CPU.ActiveCfg = Debug|Any CPU
		{2D4342FF-D148-7C27-2F1D-614B555BE449}.Debug|Any CPU.Build.0 = Debug|Any CPU
		{2D4342FF-D148-7C27-2F1D-614B555BE449}.Release|Any CPU.ActiveCfg = Release|Any CPU
		{2D4342FF-D148-7C27-2F1D-614B555BE449}.Release|Any CPU.Build.0 = Release|Any CPU
		{23ECA599-E71B-EE56-ED5A-635CC363556D}.Debug|Any CPU.ActiveCfg = Debug|Any CPU
		{23ECA599-E71B-EE56-ED5A-635CC363556D}.Debug|Any CPU.Build.0 = Debug|Any CPU
		{23ECA599-E71B-EE56-ED5A-635CC363556D}.Release|Any CPU.ActiveCfg = Release|Any CPU
		{23ECA599-E71B-EE56-ED5A-635CC363556D}.Release|Any CPU.Build.0 = Release|Any CPU
		{8B0D88F6-BB2E-2706-8A53-0A2A8232B7FA}.Debug|Any CPU.ActiveCfg = Debug|Any CPU
		{8B0D88F6-BB2E-2706-8A53-0A2A8232B7FA}.Debug|Any CPU.Build.0 = Debug|Any CPU
		{8B0D88F6-BB2E-2706-8A53-0A2A8232B7FA}.Release|Any CPU.ActiveCfg = Release|Any CPU
		{8B0D88F6-BB2E-2706-8A53-0A2A8232B7FA}.Release|Any CPU.Build.0 = Release|Any CPU
		{87A08EFD-2AD7-3B6D-44EA-2DC7CE14B1C0}.Debug|Any CPU.ActiveCfg = Debug|Any CPU
		{87A08EFD-2AD7-3B6D-44EA-2DC7CE14B1C0}.Debug|Any CPU.Build.0 = Debug|Any CPU
		{87A08EFD-2AD7-3B6D-44EA-2DC7CE14B1C0}.Release|Any CPU.ActiveCfg = Release|Any CPU
		{87A08EFD-2AD7-3B6D-44EA-2DC7CE14B1C0}.Release|Any CPU.Build.0 = Release|Any CPU
		{F93C64D3-4727-6D4A-8140-1BFCBD7344BD}.Debug|Any CPU.ActiveCfg = Debug|Any CPU
		{F93C64D3-4727-6D4A-8140-1BFCBD7344BD}.Debug|Any CPU.Build.0 = Debug|Any CPU
		{F93C64D3-4727-6D4A-8140-1BFCBD7344BD}.Release|Any CPU.ActiveCfg = Release|Any CPU
		{F93C64D3-4727-6D4A-8140-1BFCBD7344BD}.Release|Any CPU.Build.0 = Release|Any CPU
		{12DEFB1D-E4BF-5732-A6C9-B5F45C5615D7}.Debug|Any CPU.ActiveCfg = Debug|Any CPU
		{12DEFB1D-E4BF-5732-A6C9-B5F45C5615D7}.Debug|Any CPU.Build.0 = Debug|Any CPU
		{12DEFB1D-E4BF-5732-A6C9-B5F45C5615D7}.Release|Any CPU.ActiveCfg = Release|Any CPU
		{12DEFB1D-E4BF-5732-A6C9-B5F45C5615D7}.Release|Any CPU.Build.0 = Release|Any CPU
		{C130E249-6C1B-2EEA-C764-FDFA4C0619E7}.Debug|Any CPU.ActiveCfg = Debug|Any CPU
		{C130E249-6C1B-2EEA-C764-FDFA4C0619E7}.Debug|Any CPU.Build.0 = Debug|Any CPU
		{C130E249-6C1B-2EEA-C764-FDFA4C0619E7}.Release|Any CPU.ActiveCfg = Release|Any CPU
		{C130E249-6C1B-2EEA-C764-FDFA4C0619E7}.Release|Any CPU.Build.0 = Release|Any CPU
		{C2F79C18-A4EC-1233-9C40-9450AE214A5C}.Debug|Any CPU.ActiveCfg = Debug|Any CPU
		{C2F79C18-A4EC-1233-9C40-9450AE214A5C}.Debug|Any CPU.Build.0 = Debug|Any CPU
		{C2F79C18-A4EC-1233-9C40-9450AE214A5C}.Release|Any CPU.ActiveCfg = Release|Any CPU
		{C2F79C18-A4EC-1233-9C40-9450AE214A5C}.Release|Any CPU.Build.0 = Release|Any CPU
		{BC083F06-78E0-D61F-CA4D-30848BB82F3D}.Debug|Any CPU.ActiveCfg = Debug|Any CPU
		{BC083F06-78E0-D61F-CA4D-30848BB82F3D}.Debug|Any CPU.Build.0 = Debug|Any CPU
		{BC083F06-78E0-D61F-CA4D-30848BB82F3D}.Release|Any CPU.ActiveCfg = Release|Any CPU
		{BC083F06-78E0-D61F-CA4D-30848BB82F3D}.Release|Any CPU.Build.0 = Release|Any CPU
		{3C64331B-F720-8616-8C5F-09256B66C64B}.Debug|Any CPU.ActiveCfg = Debug|Any CPU
		{3C64331B-F720-8616-8C5F-09256B66C64B}.Debug|Any CPU.Build.0 = Debug|Any CPU
		{3C64331B-F720-8616-8C5F-09256B66C64B}.Release|Any CPU.ActiveCfg = Release|Any CPU
		{3C64331B-F720-8616-8C5F-09256B66C64B}.Release|Any CPU.Build.0 = Release|Any CPU
		{ACE0BD82-FE0D-61B9-CD10-D299A85FFF1D}.Debug|Any CPU.ActiveCfg = Debug|Any CPU
		{ACE0BD82-FE0D-61B9-CD10-D299A85FFF1D}.Debug|Any CPU.Build.0 = Debug|Any CPU
		{ACE0BD82-FE0D-61B9-CD10-D299A85FFF1D}.Release|Any CPU.ActiveCfg = Release|Any CPU
		{ACE0BD82-FE0D-61B9-CD10-D299A85FFF1D}.Release|Any CPU.Build.0 = Release|Any CPU
		{1AEAC32C-2909-8BDB-5F0D-2AE199B6211A}.Debug|Any CPU.ActiveCfg = Debug|Any CPU
		{1AEAC32C-2909-8BDB-5F0D-2AE199B6211A}.Debug|Any CPU.Build.0 = Debug|Any CPU
		{1AEAC32C-2909-8BDB-5F0D-2AE199B6211A}.Release|Any CPU.ActiveCfg = Release|Any CPU
		{1AEAC32C-2909-8BDB-5F0D-2AE199B6211A}.Release|Any CPU.Build.0 = Release|Any CPU
		{DA3FFE0B-611E-AC22-328D-92BD198F56A8}.Debug|Any CPU.ActiveCfg = Debug|Any CPU
		{DA3FFE0B-611E-AC22-328D-92BD198F56A8}.Debug|Any CPU.Build.0 = Debug|Any CPU
		{DA3FFE0B-611E-AC22-328D-92BD198F56A8}.Release|Any CPU.ActiveCfg = Release|Any CPU
		{DA3FFE0B-611E-AC22-328D-92BD198F56A8}.Release|Any CPU.Build.0 = Release|Any CPU
		{5FA40882-0D03-D1F5-AF4F-E0C0CB71ED6C}.Debug|Any CPU.ActiveCfg = Debug|Any CPU
		{5FA40882-0D03-D1F5-AF4F-E0C0CB71ED6C}.Debug|Any CPU.Build.0 = Debug|Any CPU
		{5FA40882-0D03-D1F5-AF4F-E0C0CB71ED6C}.Release|Any CPU.ActiveCfg = Release|Any CPU
		{5FA40882-0D03-D1F5-AF4F-E0C0CB71ED6C}.Release|Any CPU.Build.0 = Release|Any CPU
		{430514B0-9DF0-82F2-3EB0-D3412E5A2C71}.Debug|Any CPU.ActiveCfg = Debug|Any CPU
		{430514B0-9DF0-82F2-3EB0-D3412E5A2C71}.Debug|Any CPU.Build.0 = Debug|Any CPU
		{430514B0-9DF0-82F2-3EB0-D3412E5A2C71}.Release|Any CPU.ActiveCfg = Release|Any CPU
		{430514B0-9DF0-82F2-3EB0-D3412E5A2C71}.Release|Any CPU.Build.0 = Release|Any CPU
		{54E59827-DA1E-9B2A-CAEE-00735BAC80B3}.Debug|Any CPU.ActiveCfg = Debug|Any CPU
		{54E59827-DA1E-9B2A-CAEE-00735BAC80B3}.Debug|Any CPU.Build.0 = Debug|Any CPU
		{54E59827-DA1E-9B2A-CAEE-00735BAC80B3}.Release|Any CPU.ActiveCfg = Release|Any CPU
		{54E59827-DA1E-9B2A-CAEE-00735BAC80B3}.Release|Any CPU.Build.0 = Release|Any CPU
	EndGlobalSection
	GlobalSection(SolutionProperties) = preSolution
		HideSolutionNode = FALSE
	EndGlobalSection
EndGlobal
